
Microsoft Visual Studio Solution File, Format Version 12.00
# Visual Studio 15
VisualStudioVersion = 15.0.28010.2050
MinimumVisualStudioVersion = 10.0.40219.1
Project("{888888A0-9F3D-457C-B088-3A5042F75D52}") = "AdventofCode2018", "AdventofCode2018\AdventofCode2018.pyproj", "{1A734EB7-5407-4DB5-BB76-17CC2F363D55}"
EndProject
Global
	GlobalSection(SolutionConfigurationPlatforms) = preSolution
		Debug|Any CPU = Debug|Any CPU
		Release|Any CPU = Release|Any CPU
	EndGlobalSection
	GlobalSection(ProjectConfigurationPlatforms) = postSolution
		{1A734EB7-5407-4DB5-BB76-17CC2F363D55}.Debug|Any CPU.ActiveCfg = Debug|Any CPU
		{1A734EB7-5407-4DB5-BB76-17CC2F363D55}.Release|Any CPU.ActiveCfg = Release|Any CPU
	EndGlobalSection
	GlobalSection(SolutionProperties) = preSolution
		HideSolutionNode = FALSE
	EndGlobalSection
	GlobalSection(ExtensibilityGlobals) = postSolution
		SolutionGuid = {57EFC6B5-DD06-4864-AF24-0550D106C0E5}
	EndGlobalSection
EndGlobal
